// !$*UTF8*$!
{
	archiveVersion = 1;
	classes = {
	};
	objectVersion = 48;
	objects = {

/* Begin PBXBuildFile section */
		526F00641F9CD418000990F8 /* AppDelegate.swift in Sources */ = {isa = PBXBuildFile; fileRef = 526F00631F9CD418000990F8 /* AppDelegate.swift */; };
		526F00661F9CD418000990F8 /* ViewController.swift in Sources */ = {isa = PBXBuildFile; fileRef = 526F00651F9CD418000990F8 /* ViewController.swift */; };
		526F00691F9CD418000990F8 /* Main.storyboard in Resources */ = {isa = PBXBuildFile; fileRef = 526F00671F9CD418000990F8 /* Main.storyboard */; };
		526F006B1F9CD418000990F8 /* Assets.xcassets in Resources */ = {isa = PBXBuildFile; fileRef = 526F006A1F9CD418000990F8 /* Assets.xcassets */; };
		526F006E1F9CD418000990F8 /* LaunchScreen.storyboard in Resources */ = {isa = PBXBuildFile; fileRef = 526F006C1F9CD418000990F8 /* LaunchScreen.storyboard */; };
		526F00791F9CD418000990F8 /* helloworldTests.swift in Sources */ = {isa = PBXBuildFile; fileRef = 526F00781F9CD418000990F8 /* helloworldTests.swift */; };
		526F00841F9CD418000990F8 /* helloworldUITests.swift in Sources */ = {isa = PBXBuildFile; fileRef = 526F00831F9CD418000990F8 /* helloworldUITests.swift */; };
/* End PBXBuildFile section */

/* Begin PBXContainerItemProxy section */
		526F00751F9CD418000990F8 /* PBXContainerItemProxy */ = {
			isa = PBXContainerItemProxy;
			containerPortal = 526F00581F9CD418000990F8 /* Project object */;
			proxyType = 1;
			remoteGlobalIDString = 526F005F1F9CD418000990F8;
			remoteInfo = helloworld;
		};
		526F00801F9CD418000990F8 /* PBXContainerItemProxy */ = {
			isa = PBXContainerItemProxy;
			containerPortal = 526F00581F9CD418000990F8 /* Project object */;
			proxyType = 1;
			remoteGlobalIDString = 526F005F1F9CD418000990F8;
			remoteInfo = helloworld;
		};
/* End PBXContainerItemProxy section */

/* Begin PBXFileReference section */
		526F00601F9CD418000990F8 /* helloworld.app */ = {isa = PBXFileReference; explicitFileType = wrapper.application; includeInIndex = 0; path = helloworld.app; sourceTree = BUILT_PRODUCTS_DIR; };
		526F00631F9CD418000990F8 /* AppDelegate.swift */ = {isa = PBXFileReference; lastKnownFileType = sourcecode.swift; path = AppDelegate.swift; sourceTree = "<group>"; };
		526F00651F9CD418000990F8 /* ViewController.swift */ = {isa = PBXFileReference; lastKnownFileType = sourcecode.swift; path = ViewController.swift; sourceTree = "<group>"; };
		526F00681F9CD418000990F8 /* Base */ = {isa = PBXFileReference; lastKnownFileType = file.storyboard; name = Base; path = Base.lproj/Main.storyboard; sourceTree = "<group>"; };
		526F006A1F9CD418000990F8 /* Assets.xcassets */ = {isa = PBXFileReference; lastKnownFileType = folder.assetcatalog; path = Assets.xcassets; sourceTree = "<group>"; };
		526F006D1F9CD418000990F8 /* Base */ = {isa = PBXFileReference; lastKnownFileType = file.storyboard; name = Base; path = Base.lproj/LaunchScreen.storyboard; sourceTree = "<group>"; };
		526F006F1F9CD418000990F8 /* Info.plist */ = {isa = PBXFileReference; lastKnownFileType = text.plist.xml; path = Info.plist; sourceTree = "<group>"; };
		526F00741F9CD418000990F8 /* helloworldTests.xctest */ = {isa = PBXFileReference; explicitFileType = wrapper.cfbundle; includeInIndex = 0; path = helloworldTests.xctest; sourceTree = BUILT_PRODUCTS_DIR; };
		526F00781F9CD418000990F8 /* helloworldTests.swift */ = {isa = PBXFileReference; lastKnownFileType = sourcecode.swift; path = helloworldTests.swift; sourceTree = "<group>"; };
		526F007A1F9CD418000990F8 /* Info.plist */ = {isa = PBXFileReference; lastKnownFileType = text.plist.xml; path = Info.plist; sourceTree = "<group>"; };
		526F007F1F9CD418000990F8 /* helloworldUITests.xctest */ = {isa = PBXFileReference; explicitFileType = wrapper.cfbundle; includeInIndex = 0; path = helloworldUITests.xctest; sourceTree = BUILT_PRODUCTS_DIR; };
		526F00831F9CD418000990F8 /* helloworldUITests.swift */ = {isa = PBXFileReference; lastKnownFileType = sourcecode.swift; path = helloworldUITests.swift; sourceTree = "<group>"; };
		526F00851F9CD418000990F8 /* Info.plist */ = {isa = PBXFileReference; lastKnownFileType = text.plist.xml; path = Info.plist; sourceTree = "<group>"; };
/* End PBXFileReference section */

/* Begin PBXFrameworksBuildPhase section */
		526F005D1F9CD418000990F8 /* Frameworks */ = {
			isa = PBXFrameworksBuildPhase;
			buildActionMask = 2147483647;
			files = (
			);
			runOnlyForDeploymentPostprocessing = 0;
		};
		526F00711F9CD418000990F8 /* Frameworks */ = {
			isa = PBXFrameworksBuildPhase;
			buildActionMask = 2147483647;
			files = (
			);
			runOnlyForDeploymentPostprocessing = 0;
		};
		526F007C1F9CD418000990F8 /* Frameworks */ = {
			isa = PBXFrameworksBuildPhase;
			buildActionMask = 2147483647;
			files = (
			);
			runOnlyForDeploymentPostprocessing = 0;
		};
/* End PBXFrameworksBuildPhase section */

/* Begin PBXGroup section */
		526F00571F9CD418000990F8 = {
			isa = PBXGroup;
			children = (
				526F00621F9CD418000990F8 /* helloworld */,
				526F00771F9CD418000990F8 /* helloworldTests */,
				526F00821F9CD418000990F8 /* helloworldUITests */,
				526F00611F9CD418000990F8 /* Products */,
			);
			sourceTree = "<group>";
		};
		526F00611F9CD418000990F8 /* Products */ = {
			isa = PBXGroup;
			children = (
				526F00601F9CD418000990F8 /* helloworld.app */,
				526F00741F9CD418000990F8 /* helloworldTests.xctest */,
				526F007F1F9CD418000990F8 /* helloworldUITests.xctest */,
			);
			name = Products;
			sourceTree = "<group>";
		};
		526F00621F9CD418000990F8 /* helloworld */ = {
			isa = PBXGroup;
			children = (
				526F00631F9CD418000990F8 /* AppDelegate.swift */,
				526F00651F9CD418000990F8 /* ViewController.swift */,
				526F00671F9CD418000990F8 /* Main.storyboard */,
				526F006A1F9CD418000990F8 /* Assets.xcassets */,
				526F006C1F9CD418000990F8 /* LaunchScreen.storyboard */,
				526F006F1F9CD418000990F8 /* Info.plist */,
			);
			path = helloworld;
			sourceTree = "<group>";
		};
		526F00771F9CD418000990F8 /* helloworldTests */ = {
			isa = PBXGroup;
			children = (
				526F00781F9CD418000990F8 /* helloworldTests.swift */,
				526F007A1F9CD418000990F8 /* Info.plist */,
			);
			path = helloworldTests;
			sourceTree = "<group>";
		};
		526F00821F9CD418000990F8 /* helloworldUITests */ = {
			isa = PBXGroup;
			children = (
				526F00831F9CD418000990F8 /* helloworldUITests.swift */,
				526F00851F9CD418000990F8 /* Info.plist */,
			);
			path = helloworldUITests;
			sourceTree = "<group>";
		};
/* End PBXGroup section */

/* Begin PBXNativeTarget section */
		526F005F1F9CD418000990F8 /* helloworld */ = {
			isa = PBXNativeTarget;
			buildConfigurationList = 526F00881F9CD418000990F8 /* Build configuration list for PBXNativeTarget "helloworld" */;
			buildPhases = (
				526F005C1F9CD418000990F8 /* Sources */,
				526F005D1F9CD418000990F8 /* Frameworks */,
				526F005E1F9CD418000990F8 /* Resources */,
			);
			buildRules = (
			);
			dependencies = (
			);
			name = helloworld;
			productName = helloworld;
			productReference = 526F00601F9CD418000990F8 /* helloworld.app */;
			productType = "com.apple.product-type.application";
		};
		526F00731F9CD418000990F8 /* helloworldTests */ = {
			isa = PBXNativeTarget;
			buildConfigurationList = 526F008B1F9CD418000990F8 /* Build configuration list for PBXNativeTarget "helloworldTests" */;
			buildPhases = (
				526F00701F9CD418000990F8 /* Sources */,
				526F00711F9CD418000990F8 /* Frameworks */,
				526F00721F9CD418000990F8 /* Resources */,
			);
			buildRules = (
			);
			dependencies = (
				526F00761F9CD418000990F8 /* PBXTargetDependency */,
			);
			name = helloworldTests;
			productName = helloworldTests;
			productReference = 526F00741F9CD418000990F8 /* helloworldTests.xctest */;
			productType = "com.apple.product-type.bundle.unit-test";
		};
		526F007E1F9CD418000990F8 /* helloworldUITests */ = {
			isa = PBXNativeTarget;
			buildConfigurationList = 526F008E1F9CD418000990F8 /* Build configuration list for PBXNativeTarget "helloworldUITests" */;
			buildPhases = (
				526F007B1F9CD418000990F8 /* Sources */,
				526F007C1F9CD418000990F8 /* Frameworks */,
				526F007D1F9CD418000990F8 /* Resources */,
			);
			buildRules = (
			);
			dependencies = (
				526F00811F9CD418000990F8 /* PBXTargetDependency */,
			);
			name = helloworldUITests;
			productName = helloworldUITests;
			productReference = 526F007F1F9CD418000990F8 /* helloworldUITests.xctest */;
			productType = "com.apple.product-type.bundle.ui-testing";
		};
/* End PBXNativeTarget section */

/* Begin PBXProject section */
		526F00581F9CD418000990F8 /* Project object */ = {
			isa = PBXProject;
			attributes = {
				LastSwiftUpdateCheck = 0900;
				LastUpgradeCheck = 0900;
				ORGANIZATIONNAME = "鳥井都嵩";
				TargetAttributes = {
					526F005F1F9CD418000990F8 = {
						CreatedOnToolsVersion = 9.0.1;
						ProvisioningStyle = Automatic;
					};
					526F00731F9CD418000990F8 = {
						CreatedOnToolsVersion = 9.0.1;
						ProvisioningStyle = Automatic;
						TestTargetID = 526F005F1F9CD418000990F8;
					};
					526F007E1F9CD418000990F8 = {
						CreatedOnToolsVersion = 9.0.1;
						ProvisioningStyle = Automatic;
						TestTargetID = 526F005F1F9CD418000990F8;
					};
				};
			};
			buildConfigurationList = 526F005B1F9CD418000990F8 /* Build configuration list for PBXProject "helloworld" */;
			compatibilityVersion = "Xcode 8.0";
			developmentRegion = en;
			hasScannedForEncodings = 0;
			knownRegions = (
				en,
				Base,
			);
			mainGroup = 526F00571F9CD418000990F8;
			productRefGroup = 526F00611F9CD418000990F8 /* Products */;
			projectDirPath = "";
			projectRoot = "";
			targets = (
				526F005F1F9CD418000990F8 /* helloworld */,
				526F00731F9CD418000990F8 /* helloworldTests */,
				526F007E1F9CD418000990F8 /* helloworldUITests */,
			);
		};
/* End PBXProject section */

/* Begin PBXResourcesBuildPhase section */
		526F005E1F9CD418000990F8 /* Resources */ = {
			isa = PBXResourcesBuildPhase;
			buildActionMask = 2147483647;
			files = (
				526F006E1F9CD418000990F8 /* LaunchScreen.storyboard in Resources */,
				526F006B1F9CD418000990F8 /* Assets.xcassets in Resources */,
				526F00691F9CD418000990F8 /* Main.storyboard in Resources */,
			);
			runOnlyForDeploymentPostprocessing = 0;
		};
		526F00721F9CD418000990F8 /* Resources */ = {
			isa = PBXResourcesBuildPhase;
			buildActionMask = 2147483647;
			files = (
			);
			runOnlyForDeploymentPostprocessing = 0;
		};
		526F007D1F9CD418000990F8 /* Resources */ = {
			isa = PBXResourcesBuildPhase;
			buildActionMask = 2147483647;
			files = (
			);
			runOnlyForDeploymentPostprocessing = 0;
		};
/* End PBXResourcesBuildPhase section */

/* Begin PBXSourcesBuildPhase section */
		526F005C1F9CD418000990F8 /* Sources */ = {
			isa = PBXSourcesBuildPhase;
			buildActionMask = 2147483647;
			files = (
				526F00661F9CD418000990F8 /* ViewController.swift in Sources */,
				526F00641F9CD418000990F8 /* AppDelegate.swift in Sources */,
			);
			runOnlyForDeploymentPostprocessing = 0;
		};
		526F00701F9CD418000990F8 /* Sources */ = {
			isa = PBXSourcesBuildPhase;
			buildActionMask = 2147483647;
			files = (
				526F00791F9CD418000990F8 /* helloworldTests.swift in Sources */,
			);
			runOnlyForDeploymentPostprocessing = 0;
		};
		526F007B1F9CD418000990F8 /* Sources */ = {
			isa = PBXSourcesBuildPhase;
			buildActionMask = 2147483647;
			files = (
				526F00841F9CD418000990F8 /* helloworldUITests.swift in Sources */,
			);
			runOnlyForDeploymentPostprocessing = 0;
		};
/* End PBXSourcesBuildPhase section */

/* Begin PBXTargetDependency section */
		526F00761F9CD418000990F8 /* PBXTargetDependency */ = {
			isa = PBXTargetDependency;
			target = 526F005F1F9CD418000990F8 /* helloworld */;
			targetProxy = 526F00751F9CD418000990F8 /* PBXContainerItemProxy */;
		};
		526F00811F9CD418000990F8 /* PBXTargetDependency */ = {
			isa = PBXTargetDependency;
			target = 526F005F1F9CD418000990F8 /* helloworld */;
			targetProxy = 526F00801F9CD418000990F8 /* PBXContainerItemProxy */;
		};
/* End PBXTargetDependency section */

/* Begin PBXVariantGroup section */
		526F00671F9CD418000990F8 /* Main.storyboard */ = {
			isa = PBXVariantGroup;
			children = (
				526F00681F9CD418000990F8 /* Base */,
			);
			name = Main.storyboard;
			sourceTree = "<group>";
		};
		526F006C1F9CD418000990F8 /* LaunchScreen.storyboard */ = {
			isa = PBXVariantGroup;
			children = (
				526F006D1F9CD418000990F8 /* Base */,
			);
			name = LaunchScreen.storyboard;
			sourceTree = "<group>";
		};
/* End PBXVariantGroup section */

/* Begin XCBuildConfiguration section */
		526F00861F9CD418000990F8 /* Debug */ = {
			isa = XCBuildConfiguration;
			buildSettings = {
				ALWAYS_SEARCH_USER_PATHS = NO;
				CLANG_ANALYZER_NONNULL = YES;
				CLANG_ANALYZER_NUMBER_OBJECT_CONVERSION = YES_AGGRESSIVE;
				CLANG_CXX_LANGUAGE_STANDARD = "gnu++14";
				CLANG_CXX_LIBRARY = "libc++";
				CLANG_ENABLE_MODULES = YES;
				CLANG_ENABLE_OBJC_ARC = YES;
				CLANG_WARN_BLOCK_CAPTURE_AUTORELEASING = YES;
				CLANG_WARN_BOOL_CONVERSION = YES;
				CLANG_WARN_COMMA = YES;
				CLANG_WARN_CONSTANT_CONVERSION = YES;
				CLANG_WARN_DIRECT_OBJC_ISA_USAGE = YES_ERROR;
				CLANG_WARN_DOCUMENTATION_COMMENTS = YES;
				CLANG_WARN_EMPTY_BODY = YES;
				CLANG_WARN_ENUM_CONVERSION = YES;
				CLANG_WARN_INFINITE_RECURSION = YES;
				CLANG_WARN_INT_CONVERSION = YES;
				CLANG_WARN_NON_LITERAL_NULL_CONVERSION = YES;
				CLANG_WARN_OBJC_LITERAL_CONVERSION = YES;
				CLANG_WARN_OBJC_ROOT_CLASS = YES_ERROR;
				CLANG_WARN_RANGE_LOOP_ANALYSIS = YES;
				CLANG_WARN_STRICT_PROTOTYPES = YES;
				CLANG_WARN_SUSPICIOUS_MOVE = YES;
				CLANG_WARN_UNGUARDED_AVAILABILITY = YES_AGGRESSIVE;
				CLANG_WARN_UNREACHABLE_CODE = YES;
				CLANG_WARN__DUPLICATE_METHOD_MATCH = YES;
				CODE_SIGN_IDENTITY = "iPhone Developer";
				COPY_PHASE_STRIP = NO;
				DEBUG_INFORMATION_FORMAT = dwarf;
				ENABLE_STRICT_OBJC_MSGSEND = YES;
				ENABLE_TESTABILITY = YES;
				GCC_C_LANGUAGE_STANDARD = gnu11;
				GCC_DYNAMIC_NO_PIC = NO;
				GCC_NO_COMMON_BLOCKS = YES;
				GCC_OPTIMIZATION_LEVEL = 0;
				GCC_PREPROCESSOR_DEFINITIONS = (
					"DEBUG=1",
					"$(inherited)",
				);
				GCC_WARN_64_TO_32_BIT_CONVERSION = YES;
				GCC_WARN_ABOUT_RETURN_TYPE = YES_ERROR;
				GCC_WARN_UNDECLARED_SELECTOR = YES;
				GCC_WARN_UNINITIALIZED_AUTOS = YES_AGGRESSIVE;
				GCC_WARN_UNUSED_FUNCTION = YES;
				GCC_WARN_UNUSED_VARIABLE = YES;
				IPHONEOS_DEPLOYMENT_TARGET = 11.0;
				MTL_ENABLE_DEBUG_INFO = YES;
				ONLY_ACTIVE_ARCH = YES;
				SDKROOT = iphoneos;
				SWIFT_ACTIVE_COMPILATION_CONDITIONS = DEBUG;
				SWIFT_OPTIMIZATION_LEVEL = "-Onone";
			};
			name = Debug;
		};
		526F00871F9CD418000990F8 /* Release */ = {
			isa = XCBuildConfiguration;
			buildSettings = {
				ALWAYS_SEARCH_USER_PATHS = NO;
				CLANG_ANALYZER_NONNULL = YES;
				CLANG_ANALYZER_NUMBER_OBJECT_CONVERSION = YES_AGGRESSIVE;
				CLANG_CXX_LANGUAGE_STANDARD = "gnu++14";
				CLANG_CXX_LIBRARY = "libc++";
				CLANG_ENABLE_MODULES = YES;
				CLANG_ENABLE_OBJC_ARC = YES;
				CLANG_WARN_BLOCK_CAPTURE_AUTORELEASING = YES;
				CLANG_WARN_BOOL_CONVERSION = YES;
				CLANG_WARN_COMMA = YES;
				CLANG_WARN_CONSTANT_CONVERSION = YES;
				CLANG_WARN_DIRECT_OBJC_ISA_USAGE = YES_ERROR;
				CLANG_WARN_DOCUMENTATION_COMMENTS = YES;
				CLANG_WARN_EMPTY_BODY = YES;
				CLANG_WARN_ENUM_CONVERSION = YES;
				CLANG_WARN_INFINITE_RECURSION = YES;
				CLANG_WARN_INT_CONVERSION = YES;
				CLANG_WARN_NON_LITERAL_NULL_CONVERSION = YES;
				CLANG_WARN_OBJC_LITERAL_CONVERSION = YES;
				CLANG_WARN_OBJC_ROOT_CLASS = YES_ERROR;
				CLANG_WARN_RANGE_LOOP_ANALYSIS = YES;
				CLANG_WARN_STRICT_PROTOTYPES = YES;
				CLANG_WARN_SUSPICIOUS_MOVE = YES;
				CLANG_WARN_UNGUARDED_AVAILABILITY = YES_AGGRESSIVE;
				CLANG_WARN_UNREACHABLE_CODE = YES;
				CLANG_WARN__DUPLICATE_METHOD_MATCH = YES;
				CODE_SIGN_IDENTITY = "iPhone Developer";
				COPY_PHASE_STRIP = NO;
				DEBUG_INFORMATION_FORMAT = "dwarf-with-dsym";
				ENABLE_NS_ASSERTIONS = NO;
				ENABLE_STRICT_OBJC_MSGSEND = YES;
				GCC_C_LANGUAGE_STANDARD = gnu11;
				GCC_NO_COMMON_BLOCKS = YES;
				GCC_WARN_64_TO_32_BIT_CONVERSION = YES;
				GCC_WARN_ABOUT_RETURN_TYPE = YES_ERROR;
				GCC_WARN_UNDECLARED_SELECTOR = YES;
				GCC_WARN_UNINITIALIZED_AUTOS = YES_AGGRESSIVE;
				GCC_WARN_UNUSED_FUNCTION = YES;
				GCC_WARN_UNUSED_VARIABLE = YES;
				IPHONEOS_DEPLOYMENT_TARGET = 11.0;
				MTL_ENABLE_DEBUG_INFO = NO;
				SDKROOT = iphoneos;
				SWIFT_OPTIMIZATION_LEVEL = "-Owholemodule";
				VALIDATE_PRODUCT = YES;
			};
			name = Release;
		};
		526F00891F9CD418000990F8 /* Debug */ = {
			isa = XCBuildConfiguration;
			buildSettings = {
				ASSETCATALOG_COMPILER_APPICON_NAME = AppIcon;
				CODE_SIGN_STYLE = Automatic;
				INFOPLIST_FILE = helloworld/Info.plist;
				LD_RUNPATH_SEARCH_PATHS = "$(inherited) @executable_path/Frameworks";
				PRODUCT_BUNDLE_IDENTIFIER = com.yummy.helloworld;
				PRODUCT_NAME = "$(TARGET_NAME)";
				SWIFT_VERSION = 4.0;
				TARGETED_DEVICE_FAMILY = "1,2";
			};
			name = Debug;
		};
		526F008A1F9CD418000990F8 /* Release */ = {
			isa = XCBuildConfiguration;
			buildSettings = {
				ASSETCATALOG_COMPILER_APPICON_NAME = AppIcon;
				CODE_SIGN_STYLE = Automatic;
				INFOPLIST_FILE = helloworld/Info.plist;
				LD_RUNPATH_SEARCH_PATHS = "$(inherited) @executable_path/Frameworks";
				PRODUCT_BUNDLE_IDENTIFIER = com.yummy.helloworld;
				PRODUCT_NAME = "$(TARGET_NAME)";
				SWIFT_VERSION = 4.0;
				TARGETED_DEVICE_FAMILY = "1,2";
			};
			name = Release;
		};
		526F008C1F9CD418000990F8 /* Debug */ = {
			isa = XCBuildConfiguration;
			buildSettings = {
				ALWAYS_EMBED_SWIFT_STANDARD_LIBRARIES = YES;
				BUNDLE_LOADER = "$(TEST_HOST)";
				CODE_SIGN_STYLE = Automatic;
				INFOPLIST_FILE = helloworldTests/Info.plist;
				LD_RUNPATH_SEARCH_PATHS = "$(inherited) @executable_path/Frameworks @loader_path/Frameworks";
				PRODUCT_BUNDLE_IDENTIFIER = com.yummy.helloworldTests;
				PRODUCT_NAME = "$(TARGET_NAME)";
				SWIFT_VERSION = 4.0;
				TARGETED_DEVICE_FAMILY = "1,2";
				TEST_HOST = "$(BUILT_PRODUCTS_DIR)/helloworld.app/helloworld";
			};
			name = Debug;
		};
		526F008D1F9CD418000990F8 /* Release */ = {
			isa = XCBuildConfiguration;
			buildSettings = {
				ALWAYS_EMBED_SWIFT_STANDARD_LIBRARIES = YES;
				BUNDLE_LOADER = "$(TEST_HOST)";
				CODE_SIGN_STYLE = Automatic;
				INFOPLIST_FILE = helloworldTests/Info.plist;
				LD_RUNPATH_SEARCH_PATHS = "$(inherited) @executable_path/Frameworks @loader_path/Frameworks";
				PRODUCT_BUNDLE_IDENTIFIER = com.yummy.helloworldTests;
				PRODUCT_NAME = "$(TARGET_NAME)";
				SWIFT_VERSION = 4.0;
				TARGETED_DEVICE_FAMILY = "1,2";
				TEST_HOST = "$(BUILT_PRODUCTS_DIR)/helloworld.app/helloworld";
			};
			name = Release;
		};
		526F008F1F9CD418000990F8 /* Debug */ = {
			isa = XCBuildConfiguration;
			buildSettings = {
				ALWAYS_EMBED_SWIFT_STANDARD_LIBRARIES = YES;
				CODE_SIGN_STYLE = Automatic;
				INFOPLIST_FILE = helloworldUITests/Info.plist;
				LD_RUNPATH_SEARCH_PATHS = "$(inherited) @executable_path/Frameworks @loader_path/Frameworks";
				PRODUCT_BUNDLE_IDENTIFIER = com.yummy.helloworldUITests;
				PRODUCT_NAME = "$(TARGET_NAME)";
				SWIFT_VERSION = 4.0;
				TARGETED_DEVICE_FAMILY = "1,2";
				TEST_TARGET_NAME = helloworld;
			};
			name = Debug;
		};
		526F00901F9CD418000990F8 /* Release */ = {
			isa = XCBuildConfiguration;
			buildSettings = {
				ALWAYS_EMBED_SWIFT_STANDARD_LIBRARIES = YES;
				CODE_SIGN_STYLE = Automatic;
				INFOPLIST_FILE = helloworldUITests/Info.plist;
				LD_RUNPATH_SEARCH_PATHS = "$(inherited) @executable_path/Frameworks @loader_path/Frameworks";
				PRODUCT_BUNDLE_IDENTIFIER = com.yummy.helloworldUITests;
				PRODUCT_NAME = "$(TARGET_NAME)";
				SWIFT_VERSION = 4.0;
				TARGETED_DEVICE_FAMILY = "1,2";
				TEST_TARGET_NAME = helloworld;
			};
			name = Release;
		};
/* End XCBuildConfiguration section */

/* Begin XCConfigurationList section */
		526F005B1F9CD418000990F8 /* Build configuration list for PBXProject "helloworld" */ = {
			isa = XCConfigurationList;
			buildConfigurations = (
				526F00861F9CD418000990F8 /* Debug */,
				526F00871F9CD418000990F8 /* Release */,
			);
			defaultConfigurationIsVisible = 0;
			defaultConfigurationName = Release;
		};
		526F00881F9CD418000990F8 /* Build configuration list for PBXNativeTarget "helloworld" */ = {
			isa = XCConfigurationList;
			buildConfigurations = (
				526F00891F9CD418000990F8 /* Debug */,
				526F008A1F9CD418000990F8 /* Release */,
			);
			defaultConfigurationIsVisible = 0;
			defaultConfigurationName = Release;
		};
		526F008B1F9CD418000990F8 /* Build configuration list for PBXNativeTarget "helloworldTests" */ = {
			isa = XCConfigurationList;
			buildConfigurations = (
				526F008C1F9CD418000990F8 /* Debug */,
				526F008D1F9CD418000990F8 /* Release */,
			);
			defaultConfigurationIsVisible = 0;
			defaultConfigurationName = Release;
		};
		526F008E1F9CD418000990F8 /* Build configuration list for PBXNativeTarget "helloworldUITests" */ = {
			isa = XCConfigurationList;
			buildConfigurations = (
				526F008F1F9CD418000990F8 /* Debug */,
				526F00901F9CD418000990F8 /* Release */,
			);
			defaultConfigurationIsVisible = 0;
			defaultConfigurationName = Release;
		};
/* End XCConfigurationList section */
	};
	rootObject = 526F00581F9CD418000990F8 /* Project object */;
}
